
Microsoft Visual Studio Solution File, Format Version 12.00
# Visual Studio 2012
Project("{FAE04EC0-301F-11D3-BF4B-00C04F79EFBC}") = "nachumTours", "nachumTours\nachumTours.csproj", "{682BBE47-00AB-4DE7-9D1D-601A41FC5F50}"
EndProject
Global
	GlobalSection(SolutionConfigurationPlatforms) = preSolution
		Debug|Any CPU = Debug|Any CPU
		Release|Any CPU = Release|Any CPU
	EndGlobalSection
	GlobalSection(ProjectConfigurationPlatforms) = postSolution
		{682BBE47-00AB-4DE7-9D1D-601A41FC5F50}.Debug|Any CPU.ActiveCfg = Debug|Any CPU
		{682BBE47-00AB-4DE7-9D1D-601A41FC5F50}.Debug|Any CPU.Build.0 = Debug|Any CPU
		{682BBE47-00AB-4DE7-9D1D-601A41FC5F50}.Release|Any CPU.ActiveCfg = Release|Any CPU
		{682BBE47-00AB-4DE7-9D1D-601A41FC5F50}.Release|Any CPU.Build.0 = Release|Any CPU
	EndGlobalSection
	GlobalSection(SolutionProperties) = preSolution
		HideSolutionNode = FALSE
	EndGlobalSection
EndGlobal
